// !$*UTF8*$!
{
	archiveVersion = 1;
	classes = {
	};
	objectVersion = 55;
	objects = {

/* Begin PBXBuildFile section */
		2DC79EEEE674871879E232B9 /* Pods_InstagramTests.framework in Frameworks */ = {isa = PBXBuildFile; fileRef = C8C537958C17317C508D8B85 /* Pods_InstagramTests.framework */; };
		44CD8848DC518DC4ED810ADB /* Pods_Instagram.framework in Frameworks */ = {isa = PBXBuildFile; fileRef = B71EC2E4D1476950875F4985 /* Pods_Instagram.framework */; };
		62CA805B4CC9D2AFE31F6C86 /* Pods_Instagram_InstagramUITests.framework in Frameworks */ = {isa = PBXBuildFile; fileRef = 8322ACDF9548DE998A33D801 /* Pods_Instagram_InstagramUITests.framework */; };
		6E88B90E286A431C005BD485 /* AppDelegate.m in Sources */ = {isa = PBXBuildFile; fileRef = 6E88B90D286A431C005BD485 /* AppDelegate.m */; };
		6E88B911286A431C005BD485 /* SceneDelegate.m in Sources */ = {isa = PBXBuildFile; fileRef = 6E88B910286A431C005BD485 /* SceneDelegate.m */; };
		6E88B917286A431C005BD485 /* Main.storyboard in Resources */ = {isa = PBXBuildFile; fileRef = 6E88B915286A431C005BD485 /* Main.storyboard */; };
		6E88B919286A431D005BD485 /* Assets.xcassets in Resources */ = {isa = PBXBuildFile; fileRef = 6E88B918286A431D005BD485 /* Assets.xcassets */; };
		6E88B91C286A431D005BD485 /* LaunchScreen.storyboard in Resources */ = {isa = PBXBuildFile; fileRef = 6E88B91A286A431D005BD485 /* LaunchScreen.storyboard */; };
		6E88B91F286A431D005BD485 /* main.m in Sources */ = {isa = PBXBuildFile; fileRef = 6E88B91E286A431D005BD485 /* main.m */; };
		6E88B929286A431D005BD485 /* InstagramTests.m in Sources */ = {isa = PBXBuildFile; fileRef = 6E88B928286A431D005BD485 /* InstagramTests.m */; };
		6E88B933286A431D005BD485 /* InstagramUITests.m in Sources */ = {isa = PBXBuildFile; fileRef = 6E88B932286A431D005BD485 /* InstagramUITests.m */; };
		6E88B935286A431D005BD485 /* InstagramUITestsLaunchTests.m in Sources */ = {isa = PBXBuildFile; fileRef = 6E88B934286A431D005BD485 /* InstagramUITestsLaunchTests.m */; };
		6EA3695C286A4E4C00067391 /* LoginViewController.m in Sources */ = {isa = PBXBuildFile; fileRef = 6EA3695B286A4E4C00067391 /* LoginViewController.m */; };
		6EA3695F286A505900067391 /* HomeViewController.m in Sources */ = {isa = PBXBuildFile; fileRef = 6EA3695E286A505900067391 /* HomeViewController.m */; };
		6EA36962286A62C700067391 /* ComposeViewController.m in Sources */ = {isa = PBXBuildFile; fileRef = 6EA36961286A62C700067391 /* ComposeViewController.m */; };
		6EA36966286A80DA00067391 /* Post.m in Sources */ = {isa = PBXBuildFile; fileRef = 6EA36965286A80DA00067391 /* Post.m */; };
		6EA3696C286A909700067391 /* PostCell.m in Sources */ = {isa = PBXBuildFile; fileRef = 6EA3696B286A909700067391 /* PostCell.m */; };
		6EA3696F286A982100067391 /* DetailViewController.m in Sources */ = {isa = PBXBuildFile; fileRef = 6EA3696E286A982100067391 /* DetailViewController.m */; };
		6EA36975286B7BD800067391 /* ProfileViewController.m in Sources */ = {isa = PBXBuildFile; fileRef = 6EA36974286B7BD800067391 /* ProfileViewController.m */; };
		6EA36978286BA65000067391 /* UserPostCell.m in Sources */ = {isa = PBXBuildFile; fileRef = 6EA36977286BA65000067391 /* UserPostCell.m */; };
		6EA3697B286BAB4F00067391 /* EditViewController.m in Sources */ = {isa = PBXBuildFile; fileRef = 6EA3697A286BAB4F00067391 /* EditViewController.m */; };
/* End PBXBuildFile section */

/* Begin PBXContainerItemProxy section */
		6E88B925286A431D005BD485 /* PBXContainerItemProxy */ = {
			isa = PBXContainerItemProxy;
			containerPortal = 6E88B901286A431C005BD485 /* Project object */;
			proxyType = 1;
			remoteGlobalIDString = 6E88B908286A431C005BD485;
			remoteInfo = Instagram;
		};
		6E88B92F286A431D005BD485 /* PBXContainerItemProxy */ = {
			isa = PBXContainerItemProxy;
			containerPortal = 6E88B901286A431C005BD485 /* Project object */;
			proxyType = 1;
			remoteGlobalIDString = 6E88B908286A431C005BD485;
			remoteInfo = Instagram;
		};
/* End PBXContainerItemProxy section */

/* Begin PBXFileReference section */
		3CFB6BD577CF2976374E9540 /* Pods-InstagramTests.debug.xcconfig */ = {isa = PBXFileReference; includeInIndex = 1; lastKnownFileType = text.xcconfig; name = "Pods-InstagramTests.debug.xcconfig"; path = "Target Support Files/Pods-InstagramTests/Pods-InstagramTests.debug.xcconfig"; sourceTree = "<group>"; };
		6E88B909286A431C005BD485 /* Instagram.app */ = {isa = PBXFileReference; explicitFileType = wrapper.application; includeInIndex = 0; path = Instagram.app; sourceTree = BUILT_PRODUCTS_DIR; };
		6E88B90C286A431C005BD485 /* AppDelegate.h */ = {isa = PBXFileReference; lastKnownFileType = sourcecode.c.h; path = AppDelegate.h; sourceTree = "<group>"; };
		6E88B90D286A431C005BD485 /* AppDelegate.m */ = {isa = PBXFileReference; lastKnownFileType = sourcecode.c.objc; path = AppDelegate.m; sourceTree = "<group>"; };
		6E88B90F286A431C005BD485 /* SceneDelegate.h */ = {isa = PBXFileReference; lastKnownFileType = sourcecode.c.h; path = SceneDelegate.h; sourceTree = "<group>"; };
		6E88B910286A431C005BD485 /* SceneDelegate.m */ = {isa = PBXFileReference; lastKnownFileType = sourcecode.c.objc; path = SceneDelegate.m; sourceTree = "<group>"; };
		6E88B916286A431C005BD485 /* Base */ = {isa = PBXFileReference; lastKnownFileType = file.storyboard; name = Base; path = Base.lproj/Main.storyboard; sourceTree = "<group>"; };
		6E88B918286A431D005BD485 /* Assets.xcassets */ = {isa = PBXFileReference; lastKnownFileType = folder.assetcatalog; path = Assets.xcassets; sourceTree = "<group>"; };
		6E88B91B286A431D005BD485 /* Base */ = {isa = PBXFileReference; lastKnownFileType = file.storyboard; name = Base; path = Base.lproj/LaunchScreen.storyboard; sourceTree = "<group>"; };
		6E88B91D286A431D005BD485 /* Info.plist */ = {isa = PBXFileReference; lastKnownFileType = text.plist.xml; path = Info.plist; sourceTree = "<group>"; };
		6E88B91E286A431D005BD485 /* main.m */ = {isa = PBXFileReference; lastKnownFileType = sourcecode.c.objc; path = main.m; sourceTree = "<group>"; };
		6E88B924286A431D005BD485 /* InstagramTests.xctest */ = {isa = PBXFileReference; explicitFileType = wrapper.cfbundle; includeInIndex = 0; path = InstagramTests.xctest; sourceTree = BUILT_PRODUCTS_DIR; };
		6E88B928286A431D005BD485 /* InstagramTests.m */ = {isa = PBXFileReference; lastKnownFileType = sourcecode.c.objc; path = InstagramTests.m; sourceTree = "<group>"; };
		6E88B92E286A431D005BD485 /* InstagramUITests.xctest */ = {isa = PBXFileReference; explicitFileType = wrapper.cfbundle; includeInIndex = 0; path = InstagramUITests.xctest; sourceTree = BUILT_PRODUCTS_DIR; };
		6E88B932286A431D005BD485 /* InstagramUITests.m */ = {isa = PBXFileReference; lastKnownFileType = sourcecode.c.objc; path = InstagramUITests.m; sourceTree = "<group>"; };
		6E88B934286A431D005BD485 /* InstagramUITestsLaunchTests.m */ = {isa = PBXFileReference; lastKnownFileType = sourcecode.c.objc; path = InstagramUITestsLaunchTests.m; sourceTree = "<group>"; };
		6EA3695A286A4E4C00067391 /* LoginViewController.h */ = {isa = PBXFileReference; lastKnownFileType = sourcecode.c.h; path = LoginViewController.h; sourceTree = "<group>"; };
		6EA3695B286A4E4C00067391 /* LoginViewController.m */ = {isa = PBXFileReference; lastKnownFileType = sourcecode.c.objc; path = LoginViewController.m; sourceTree = "<group>"; };
		6EA3695D286A505900067391 /* HomeViewController.h */ = {isa = PBXFileReference; lastKnownFileType = sourcecode.c.h; name = HomeViewController.h; path = Instagram/HomeViewController.h; sourceTree = SOURCE_ROOT; };
		6EA3695E286A505900067391 /* HomeViewController.m */ = {isa = PBXFileReference; lastKnownFileType = sourcecode.c.objc; name = HomeViewController.m; path = Instagram/HomeViewController.m; sourceTree = SOURCE_ROOT; };
		6EA36960286A62C700067391 /* ComposeViewController.h */ = {isa = PBXFileReference; lastKnownFileType = sourcecode.c.h; name = ComposeViewController.h; path = Instagram/ComposeViewController.h; sourceTree = SOURCE_ROOT; };
		6EA36961286A62C700067391 /* ComposeViewController.m */ = {isa = PBXFileReference; lastKnownFileType = sourcecode.c.objc; name = ComposeViewController.m; path = Instagram/ComposeViewController.m; sourceTree = SOURCE_ROOT; };
		6EA36964286A80DA00067391 /* Post.h */ = {isa = PBXFileReference; lastKnownFileType = sourcecode.c.h; path = Post.h; sourceTree = "<group>"; };
		6EA36965286A80DA00067391 /* Post.m */ = {isa = PBXFileReference; lastKnownFileType = sourcecode.c.objc; path = Post.m; sourceTree = "<group>"; };
		6EA3696A286A909700067391 /* PostCell.h */ = {isa = PBXFileReference; lastKnownFileType = sourcecode.c.h; path = PostCell.h; sourceTree = "<group>"; };
		6EA3696B286A909700067391 /* PostCell.m */ = {isa = PBXFileReference; lastKnownFileType = sourcecode.c.objc; path = PostCell.m; sourceTree = "<group>"; };
		6EA3696D286A982100067391 /* DetailViewController.h */ = {isa = PBXFileReference; lastKnownFileType = sourcecode.c.h; name = DetailViewController.h; path = Instagram/DetailViewController.h; sourceTree = SOURCE_ROOT; };
		6EA3696E286A982100067391 /* DetailViewController.m */ = {isa = PBXFileReference; lastKnownFileType = sourcecode.c.objc; name = DetailViewController.m; path = Instagram/DetailViewController.m; sourceTree = SOURCE_ROOT; };
		6EA36973286B7BD800067391 /* ProfileViewController.h */ = {isa = PBXFileReference; lastKnownFileType = sourcecode.c.h; path = ProfileViewController.h; sourceTree = "<group>"; };
		6EA36974286B7BD800067391 /* ProfileViewController.m */ = {isa = PBXFileReference; lastKnownFileType = sourcecode.c.objc; path = ProfileViewController.m; sourceTree = "<group>"; };
		6EA36976286BA65000067391 /* UserPostCell.h */ = {isa = PBXFileReference; lastKnownFileType = sourcecode.c.h; name = UserPostCell.h; path = "Instagram/View Controllers/UserPostCell.h"; sourceTree = SOURCE_ROOT; };
		6EA36977286BA65000067391 /* UserPostCell.m */ = {isa = PBXFileReference; lastKnownFileType = sourcecode.c.objc; name = UserPostCell.m; path = "Instagram/View Controllers/UserPostCell.m"; sourceTree = SOURCE_ROOT; };
		6EA36979286BAB4F00067391 /* EditViewController.h */ = {isa = PBXFileReference; lastKnownFileType = sourcecode.c.h; name = EditViewController.h; path = Instagram/EditViewController.h; sourceTree = SOURCE_ROOT; };
		6EA3697A286BAB4F00067391 /* EditViewController.m */ = {isa = PBXFileReference; lastKnownFileType = sourcecode.c.objc; name = EditViewController.m; path = Instagram/EditViewController.m; sourceTree = SOURCE_ROOT; };
		7A38DA4AE23527AFCBBB88AE /* Pods-Instagram.debug.xcconfig */ = {isa = PBXFileReference; includeInIndex = 1; lastKnownFileType = text.xcconfig; name = "Pods-Instagram.debug.xcconfig"; path = "Target Support Files/Pods-Instagram/Pods-Instagram.debug.xcconfig"; sourceTree = "<group>"; };
		7A7A5D5A0036AA94D2542F35 /* Pods-InstagramTests.release.xcconfig */ = {isa = PBXFileReference; includeInIndex = 1; lastKnownFileType = text.xcconfig; name = "Pods-InstagramTests.release.xcconfig"; path = "Target Support Files/Pods-InstagramTests/Pods-InstagramTests.release.xcconfig"; sourceTree = "<group>"; };
		8322ACDF9548DE998A33D801 /* Pods_Instagram_InstagramUITests.framework */ = {isa = PBXFileReference; explicitFileType = wrapper.framework; includeInIndex = 0; path = Pods_Instagram_InstagramUITests.framework; sourceTree = BUILT_PRODUCTS_DIR; };
		8A3C155A87A9F38F77169832 /* Pods-Instagram-InstagramUITests.debug.xcconfig */ = {isa = PBXFileReference; includeInIndex = 1; lastKnownFileType = text.xcconfig; name = "Pods-Instagram-InstagramUITests.debug.xcconfig"; path = "Target Support Files/Pods-Instagram-InstagramUITests/Pods-Instagram-InstagramUITests.debug.xcconfig"; sourceTree = "<group>"; };
		B71EC2E4D1476950875F4985 /* Pods_Instagram.framework */ = {isa = PBXFileReference; explicitFileType = wrapper.framework; includeInIndex = 0; path = Pods_Instagram.framework; sourceTree = BUILT_PRODUCTS_DIR; };
		C8C537958C17317C508D8B85 /* Pods_InstagramTests.framework */ = {isa = PBXFileReference; explicitFileType = wrapper.framework; includeInIndex = 0; path = Pods_InstagramTests.framework; sourceTree = BUILT_PRODUCTS_DIR; };
		D3CE99AE741B970061CDD226 /* Pods-Instagram.release.xcconfig */ = {isa = PBXFileReference; includeInIndex = 1; lastKnownFileType = text.xcconfig; name = "Pods-Instagram.release.xcconfig"; path = "Target Support Files/Pods-Instagram/Pods-Instagram.release.xcconfig"; sourceTree = "<group>"; };
		F310602BF3CD176C4EB87D82 /* Pods-Instagram-InstagramUITests.release.xcconfig */ = {isa = PBXFileReference; includeInIndex = 1; lastKnownFileType = text.xcconfig; name = "Pods-Instagram-InstagramUITests.release.xcconfig"; path = "Target Support Files/Pods-Instagram-InstagramUITests/Pods-Instagram-InstagramUITests.release.xcconfig"; sourceTree = "<group>"; };
/* End PBXFileReference section */

/* Begin PBXFrameworksBuildPhase section */
		6E88B906286A431C005BD485 /* Frameworks */ = {
			isa = PBXFrameworksBuildPhase;
			buildActionMask = 2147483647;
			files = (
				44CD8848DC518DC4ED810ADB /* Pods_Instagram.framework in Frameworks */,
			);
			runOnlyForDeploymentPostprocessing = 0;
		};
		6E88B921286A431D005BD485 /* Frameworks */ = {
			isa = PBXFrameworksBuildPhase;
			buildActionMask = 2147483647;
			files = (
				2DC79EEEE674871879E232B9 /* Pods_InstagramTests.framework in Frameworks */,
			);
			runOnlyForDeploymentPostprocessing = 0;
		};
		6E88B92B286A431D005BD485 /* Frameworks */ = {
			isa = PBXFrameworksBuildPhase;
			buildActionMask = 2147483647;
			files = (
				62CA805B4CC9D2AFE31F6C86 /* Pods_Instagram_InstagramUITests.framework in Frameworks */,
			);
			runOnlyForDeploymentPostprocessing = 0;
		};
/* End PBXFrameworksBuildPhase section */

/* Begin PBXGroup section */
		44AD9F2593DDEC14BD981AE5 /* Pods */ = {
			isa = PBXGroup;
			children = (
				7A38DA4AE23527AFCBBB88AE /* Pods-Instagram.debug.xcconfig */,
				D3CE99AE741B970061CDD226 /* Pods-Instagram.release.xcconfig */,
				8A3C155A87A9F38F77169832 /* Pods-Instagram-InstagramUITests.debug.xcconfig */,
				F310602BF3CD176C4EB87D82 /* Pods-Instagram-InstagramUITests.release.xcconfig */,
				3CFB6BD577CF2976374E9540 /* Pods-InstagramTests.debug.xcconfig */,
				7A7A5D5A0036AA94D2542F35 /* Pods-InstagramTests.release.xcconfig */,
			);
			path = Pods;
			sourceTree = "<group>";
		};
		5D2B197C847C83FC69CD3F98 /* Frameworks */ = {
			isa = PBXGroup;
			children = (
				B71EC2E4D1476950875F4985 /* Pods_Instagram.framework */,
				8322ACDF9548DE998A33D801 /* Pods_Instagram_InstagramUITests.framework */,
				C8C537958C17317C508D8B85 /* Pods_InstagramTests.framework */,
			);
			name = Frameworks;
			sourceTree = "<group>";
		};
		6E88B900286A431C005BD485 = {
			isa = PBXGroup;
			children = (
				6E88B90B286A431C005BD485 /* Instagram */,
				6E88B927286A431D005BD485 /* InstagramTests */,
				6E88B931286A431D005BD485 /* InstagramUITests */,
				6E88B90A286A431C005BD485 /* Products */,
				44AD9F2593DDEC14BD981AE5 /* Pods */,
				5D2B197C847C83FC69CD3F98 /* Frameworks */,
			);
			sourceTree = "<group>";
		};
		6E88B90A286A431C005BD485 /* Products */ = {
			isa = PBXGroup;
			children = (
				6E88B909286A431C005BD485 /* Instagram.app */,
				6E88B924286A431D005BD485 /* InstagramTests.xctest */,
				6E88B92E286A431D005BD485 /* InstagramUITests.xctest */,
			);
			name = Products;
			sourceTree = "<group>";
		};
		6E88B90B286A431C005BD485 /* Instagram */ = {
			isa = PBXGroup;
			children = (
				6EA36963286A80C200067391 /* Classes */,
				6EA36959286A4E3900067391 /* View Controllers */,
				6E88B90C286A431C005BD485 /* AppDelegate.h */,
				6E88B90D286A431C005BD485 /* AppDelegate.m */,
				6E88B90F286A431C005BD485 /* SceneDelegate.h */,
				6E88B910286A431C005BD485 /* SceneDelegate.m */,
				6E88B915286A431C005BD485 /* Main.storyboard */,
				6E88B918286A431D005BD485 /* Assets.xcassets */,
				6E88B91A286A431D005BD485 /* LaunchScreen.storyboard */,
				6E88B91D286A431D005BD485 /* Info.plist */,
				6E88B91E286A431D005BD485 /* main.m */,
			);
			path = Instagram;
			sourceTree = "<group>";
		};
		6E88B927286A431D005BD485 /* InstagramTests */ = {
			isa = PBXGroup;
			children = (
				6E88B928286A431D005BD485 /* InstagramTests.m */,
			);
			path = InstagramTests;
			sourceTree = "<group>";
		};
		6E88B931286A431D005BD485 /* InstagramUITests */ = {
			isa = PBXGroup;
			children = (
				6E88B932286A431D005BD485 /* InstagramUITests.m */,
				6E88B934286A431D005BD485 /* InstagramUITestsLaunchTests.m */,
			);
			path = InstagramUITests;
			sourceTree = "<group>";
		};
		6EA36959286A4E3900067391 /* View Controllers */ = {
			isa = PBXGroup;
			children = (
				6EA36979286BAB4F00067391 /* EditViewController.h */,
				6EA3697A286BAB4F00067391 /* EditViewController.m */,
				6EA3696D286A982100067391 /* DetailViewController.h */,
				6EA3696E286A982100067391 /* DetailViewController.m */,
				6EA36960286A62C700067391 /* ComposeViewController.h */,
				6EA36961286A62C700067391 /* ComposeViewController.m */,
				6EA3695D286A505900067391 /* HomeViewController.h */,
				6EA3695E286A505900067391 /* HomeViewController.m */,
				6EA3695A286A4E4C00067391 /* LoginViewController.h */,
				6EA3695B286A4E4C00067391 /* LoginViewController.m */,
				6EA36973286B7BD800067391 /* ProfileViewController.h */,
				6EA36974286B7BD800067391 /* ProfileViewController.m */,
			);
			path = "View Controllers";
			sourceTree = "<group>";
		};
		6EA36963286A80C200067391 /* Classes */ = {
			isa = PBXGroup;
			children = (
				6EA36976286BA65000067391 /* UserPostCell.h */,
				6EA36977286BA65000067391 /* UserPostCell.m */,
				6EA36964286A80DA00067391 /* Post.h */,
				6EA36965286A80DA00067391 /* Post.m */,
				6EA3696A286A909700067391 /* PostCell.h */,
				6EA3696B286A909700067391 /* PostCell.m */,
			);
			path = Classes;
			sourceTree = "<group>";
		};
/* End PBXGroup section */

/* Begin PBXNativeTarget section */
		6E88B908286A431C005BD485 /* Instagram */ = {
			isa = PBXNativeTarget;
			buildConfigurationList = 6E88B938286A431D005BD485 /* Build configuration list for PBXNativeTarget "Instagram" */;
			buildPhases = (
				54938CF43F486A5548BFF9C5 /* [CP] Check Pods Manifest.lock */,
				6E88B905286A431C005BD485 /* Sources */,
				6E88B906286A431C005BD485 /* Frameworks */,
				6E88B907286A431C005BD485 /* Resources */,
				6382CBDA8596B5FFBD16AB6B /* [CP] Embed Pods Frameworks */,
			);
			buildRules = (
			);
			dependencies = (
			);
			name = Instagram;
			productName = Instagram;
			productReference = 6E88B909286A431C005BD485 /* Instagram.app */;
			productType = "com.apple.product-type.application";
		};
		6E88B923286A431D005BD485 /* InstagramTests */ = {
			isa = PBXNativeTarget;
			buildConfigurationList = 6E88B93B286A431D005BD485 /* Build configuration list for PBXNativeTarget "InstagramTests" */;
			buildPhases = (
				FDA90A3277DCBEEEDE851FE3 /* [CP] Check Pods Manifest.lock */,
				6E88B920286A431D005BD485 /* Sources */,
				6E88B921286A431D005BD485 /* Frameworks */,
				6E88B922286A431D005BD485 /* Resources */,
			);
			buildRules = (
			);
			dependencies = (
				6E88B926286A431D005BD485 /* PBXTargetDependency */,
			);
			name = InstagramTests;
			productName = InstagramTests;
			productReference = 6E88B924286A431D005BD485 /* InstagramTests.xctest */;
			productType = "com.apple.product-type.bundle.unit-test";
		};
		6E88B92D286A431D005BD485 /* InstagramUITests */ = {
			isa = PBXNativeTarget;
			buildConfigurationList = 6E88B93E286A431D005BD485 /* Build configuration list for PBXNativeTarget "InstagramUITests" */;
			buildPhases = (
				3531F864FB2BE1905CE69CB7 /* [CP] Check Pods Manifest.lock */,
				6E88B92A286A431D005BD485 /* Sources */,
				6E88B92B286A431D005BD485 /* Frameworks */,
				6E88B92C286A431D005BD485 /* Resources */,
				6CD47E2B4ED7C87F79DD34C5 /* [CP] Embed Pods Frameworks */,
			);
			buildRules = (
			);
			dependencies = (
				6E88B930286A431D005BD485 /* PBXTargetDependency */,
			);
			name = InstagramUITests;
			productName = InstagramUITests;
			productReference = 6E88B92E286A431D005BD485 /* InstagramUITests.xctest */;
			productType = "com.apple.product-type.bundle.ui-testing";
		};
/* End PBXNativeTarget section */

/* Begin PBXProject section */
		6E88B901286A431C005BD485 /* Project object */ = {
			isa = PBXProject;
			attributes = {
				BuildIndependentTargetsInParallel = 1;
				LastUpgradeCheck = 1340;
				TargetAttributes = {
					6E88B908286A431C005BD485 = {
						CreatedOnToolsVersion = 13.4.1;
					};
					6E88B923286A431D005BD485 = {
						CreatedOnToolsVersion = 13.4.1;
						TestTargetID = 6E88B908286A431C005BD485;
					};
					6E88B92D286A431D005BD485 = {
						CreatedOnToolsVersion = 13.4.1;
						TestTargetID = 6E88B908286A431C005BD485;
					};
				};
			};
			buildConfigurationList = 6E88B904286A431C005BD485 /* Build configuration list for PBXProject "Instagram" */;
			compatibilityVersion = "Xcode 13.0";
			developmentRegion = en;
			hasScannedForEncodings = 0;
			knownRegions = (
				en,
				Base,
			);
			mainGroup = 6E88B900286A431C005BD485;
			productRefGroup = 6E88B90A286A431C005BD485 /* Products */;
			projectDirPath = "";
			projectRoot = "";
			targets = (
				6E88B908286A431C005BD485 /* Instagram */,
				6E88B923286A431D005BD485 /* InstagramTests */,
				6E88B92D286A431D005BD485 /* InstagramUITests */,
			);
		};
/* End PBXProject section */

/* Begin PBXResourcesBuildPhase section */
		6E88B907286A431C005BD485 /* Resources */ = {
			isa = PBXResourcesBuildPhase;
			buildActionMask = 2147483647;
			files = (
				6E88B91C286A431D005BD485 /* LaunchScreen.storyboard in Resources */,
				6E88B919286A431D005BD485 /* Assets.xcassets in Resources */,
				6E88B917286A431C005BD485 /* Main.storyboard in Resources */,
			);
			runOnlyForDeploymentPostprocessing = 0;
		};
		6E88B922286A431D005BD485 /* Resources */ = {
			isa = PBXResourcesBuildPhase;
			buildActionMask = 2147483647;
			files = (
			);
			runOnlyForDeploymentPostprocessing = 0;
		};
		6E88B92C286A431D005BD485 /* Resources */ = {
			isa = PBXResourcesBuildPhase;
			buildActionMask = 2147483647;
			files = (
			);
			runOnlyForDeploymentPostprocessing = 0;
		};
/* End PBXResourcesBuildPhase section */

/* Begin PBXShellScriptBuildPhase section */
		3531F864FB2BE1905CE69CB7 /* [CP] Check Pods Manifest.lock */ = {
			isa = PBXShellScriptBuildPhase;
			buildActionMask = 2147483647;
			files = (
			);
			inputFileListPaths = (
			);
			inputPaths = (
				"${PODS_PODFILE_DIR_PATH}/Podfile.lock",
				"${PODS_ROOT}/Manifest.lock",
			);
			name = "[CP] Check Pods Manifest.lock";
			outputFileListPaths = (
			);
			outputPaths = (
				"$(DERIVED_FILE_DIR)/Pods-Instagram-InstagramUITests-checkManifestLockResult.txt",
			);
			runOnlyForDeploymentPostprocessing = 0;
			shellPath = /bin/sh;
			shellScript = "diff \"${PODS_PODFILE_DIR_PATH}/Podfile.lock\" \"${PODS_ROOT}/Manifest.lock\" > /dev/null\nif [ $? != 0 ] ; then\n    # print error to STDERR\n    echo \"error: The sandbox is not in sync with the Podfile.lock. Run 'pod install' or update your CocoaPods installation.\" >&2\n    exit 1\nfi\n# This output is used by Xcode 'outputs' to avoid re-running this script phase.\necho \"SUCCESS\" > \"${SCRIPT_OUTPUT_FILE_0}\"\n";
			showEnvVarsInLog = 0;
		};
		54938CF43F486A5548BFF9C5 /* [CP] Check Pods Manifest.lock */ = {
			isa = PBXShellScriptBuildPhase;
			buildActionMask = 2147483647;
			files = (
			);
			inputFileListPaths = (
			);
			inputPaths = (
				"${PODS_PODFILE_DIR_PATH}/Podfile.lock",
				"${PODS_ROOT}/Manifest.lock",
			);
			name = "[CP] Check Pods Manifest.lock";
			outputFileListPaths = (
			);
			outputPaths = (
				"$(DERIVED_FILE_DIR)/Pods-Instagram-checkManifestLockResult.txt",
			);
			runOnlyForDeploymentPostprocessing = 0;
			shellPath = /bin/sh;
			shellScript = "diff \"${PODS_PODFILE_DIR_PATH}/Podfile.lock\" \"${PODS_ROOT}/Manifest.lock\" > /dev/null\nif [ $? != 0 ] ; then\n    # print error to STDERR\n    echo \"error: The sandbox is not in sync with the Podfile.lock. Run 'pod install' or update your CocoaPods installation.\" >&2\n    exit 1\nfi\n# This output is used by Xcode 'outputs' to avoid re-running this script phase.\necho \"SUCCESS\" > \"${SCRIPT_OUTPUT_FILE_0}\"\n";
			showEnvVarsInLog = 0;
		};
		6382CBDA8596B5FFBD16AB6B /* [CP] Embed Pods Frameworks */ = {
			isa = PBXShellScriptBuildPhase;
			buildActionMask = 2147483647;
			files = (
			);
			inputFileListPaths = (
				"${PODS_ROOT}/Target Support Files/Pods-Instagram/Pods-Instagram-frameworks-${CONFIGURATION}-input-files.xcfilelist",
			);
			name = "[CP] Embed Pods Frameworks";
			outputFileListPaths = (
				"${PODS_ROOT}/Target Support Files/Pods-Instagram/Pods-Instagram-frameworks-${CONFIGURATION}-output-files.xcfilelist",
			);
			runOnlyForDeploymentPostprocessing = 0;
			shellPath = /bin/sh;
			shellScript = "\"${PODS_ROOT}/Target Support Files/Pods-Instagram/Pods-Instagram-frameworks.sh\"\n";
			showEnvVarsInLog = 0;
		};
		6CD47E2B4ED7C87F79DD34C5 /* [CP] Embed Pods Frameworks */ = {
			isa = PBXShellScriptBuildPhase;
			buildActionMask = 2147483647;
			files = (
			);
			inputFileListPaths = (
				"${PODS_ROOT}/Target Support Files/Pods-Instagram-InstagramUITests/Pods-Instagram-InstagramUITests-frameworks-${CONFIGURATION}-input-files.xcfilelist",
			);
			name = "[CP] Embed Pods Frameworks";
			outputFileListPaths = (
				"${PODS_ROOT}/Target Support Files/Pods-Instagram-InstagramUITests/Pods-Instagram-InstagramUITests-frameworks-${CONFIGURATION}-output-files.xcfilelist",
			);
			runOnlyForDeploymentPostprocessing = 0;
			shellPath = /bin/sh;
			shellScript = "\"${PODS_ROOT}/Target Support Files/Pods-Instagram-InstagramUITests/Pods-Instagram-InstagramUITests-frameworks.sh\"\n";
			showEnvVarsInLog = 0;
		};
		FDA90A3277DCBEEEDE851FE3 /* [CP] Check Pods Manifest.lock */ = {
			isa = PBXShellScriptBuildPhase;
			buildActionMask = 2147483647;
			files = (
			);
			inputFileListPaths = (
			);
			inputPaths = (
				"${PODS_PODFILE_DIR_PATH}/Podfile.lock",
				"${PODS_ROOT}/Manifest.lock",
			);
			name = "[CP] Check Pods Manifest.lock";
			outputFileListPaths = (
			);
			outputPaths = (
				"$(DERIVED_FILE_DIR)/Pods-InstagramTests-checkManifestLockResult.txt",
			);
			runOnlyForDeploymentPostprocessing = 0;
			shellPath = /bin/sh;
			shellScript = "diff \"${PODS_PODFILE_DIR_PATH}/Podfile.lock\" \"${PODS_ROOT}/Manifest.lock\" > /dev/null\nif [ $? != 0 ] ; then\n    # print error to STDERR\n    echo \"error: The sandbox is not in sync with the Podfile.lock. Run 'pod install' or update your CocoaPods installation.\" >&2\n    exit 1\nfi\n# This output is used by Xcode 'outputs' to avoid re-running this script phase.\necho \"SUCCESS\" > \"${SCRIPT_OUTPUT_FILE_0}\"\n";
			showEnvVarsInLog = 0;
		};
/* End PBXShellScriptBuildPhase section */

/* Begin PBXSourcesBuildPhase section */
		6E88B905286A431C005BD485 /* Sources */ = {
			isa = PBXSourcesBuildPhase;
			buildActionMask = 2147483647;
			files = (
				6EA3695C286A4E4C00067391 /* LoginViewController.m in Sources */,
				6E88B90E286A431C005BD485 /* AppDelegate.m in Sources */,
				6EA36978286BA65000067391 /* UserPostCell.m in Sources */,
				6EA3696F286A982100067391 /* DetailViewController.m in Sources */,
				6EA3697B286BAB4F00067391 /* EditViewController.m in Sources */,
				6E88B91F286A431D005BD485 /* main.m in Sources */,
				6EA36975286B7BD800067391 /* ProfileViewController.m in Sources */,
				6EA3696C286A909700067391 /* PostCell.m in Sources */,
				6EA36962286A62C700067391 /* ComposeViewController.m in Sources */,
				6EA3695F286A505900067391 /* HomeViewController.m in Sources */,
				6E88B911286A431C005BD485 /* SceneDelegate.m in Sources */,
				6EA36966286A80DA00067391 /* Post.m in Sources */,
			);
			runOnlyForDeploymentPostprocessing = 0;
		};
		6E88B920286A431D005BD485 /* Sources */ = {
			isa = PBXSourcesBuildPhase;
			buildActionMask = 2147483647;
			files = (
				6E88B929286A431D005BD485 /* InstagramTests.m in Sources */,
			);
			runOnlyForDeploymentPostprocessing = 0;
		};
		6E88B92A286A431D005BD485 /* Sources */ = {
			isa = PBXSourcesBuildPhase;
			buildActionMask = 2147483647;
			files = (
				6E88B933286A431D005BD485 /* InstagramUITests.m in Sources */,
				6E88B935286A431D005BD485 /* InstagramUITestsLaunchTests.m in Sources */,
			);
			runOnlyForDeploymentPostprocessing = 0;
		};
/* End PBXSourcesBuildPhase section */

/* Begin PBXTargetDependency section */
		6E88B926286A431D005BD485 /* PBXTargetDependency */ = {
			isa = PBXTargetDependency;
			target = 6E88B908286A431C005BD485 /* Instagram */;
			targetProxy = 6E88B925286A431D005BD485 /* PBXContainerItemProxy */;
		};
		6E88B930286A431D005BD485 /* PBXTargetDependency */ = {
			isa = PBXTargetDependency;
			target = 6E88B908286A431C005BD485 /* Instagram */;
			targetProxy = 6E88B92F286A431D005BD485 /* PBXContainerItemProxy */;
		};
/* End PBXTargetDependency section */

/* Begin PBXVariantGroup section */
		6E88B915286A431C005BD485 /* Main.storyboard */ = {
			isa = PBXVariantGroup;
			children = (
				6E88B916286A431C005BD485 /* Base */,
			);
			name = Main.storyboard;
			sourceTree = "<group>";
		};
		6E88B91A286A431D005BD485 /* LaunchScreen.storyboard */ = {
			isa = PBXVariantGroup;
			children = (
				6E88B91B286A431D005BD485 /* Base */,
			);
			name = LaunchScreen.storyboard;
			sourceTree = "<group>";
		};
/* End PBXVariantGroup section */

/* Begin XCBuildConfiguration section */
		6E88B936286A431D005BD485 /* Debug */ = {
			isa = XCBuildConfiguration;
			buildSettings = {
				ALWAYS_SEARCH_USER_PATHS = NO;
				CLANG_ANALYZER_NONNULL = YES;
				CLANG_ANALYZER_NUMBER_OBJECT_CONVERSION = YES_AGGRESSIVE;
				CLANG_CXX_LANGUAGE_STANDARD = "gnu++17";
				CLANG_ENABLE_MODULES = YES;
				CLANG_ENABLE_OBJC_ARC = YES;
				CLANG_ENABLE_OBJC_WEAK = YES;
				CLANG_WARN_BLOCK_CAPTURE_AUTORELEASING = YES;
				CLANG_WARN_BOOL_CONVERSION = YES;
				CLANG_WARN_COMMA = YES;
				CLANG_WARN_CONSTANT_CONVERSION = YES;
				CLANG_WARN_DEPRECATED_OBJC_IMPLEMENTATIONS = YES;
				CLANG_WARN_DIRECT_OBJC_ISA_USAGE = YES_ERROR;
				CLANG_WARN_DOCUMENTATION_COMMENTS = YES;
				CLANG_WARN_EMPTY_BODY = YES;
				CLANG_WARN_ENUM_CONVERSION = YES;
				CLANG_WARN_INFINITE_RECURSION = YES;
				CLANG_WARN_INT_CONVERSION = YES;
				CLANG_WARN_NON_LITERAL_NULL_CONVERSION = YES;
				CLANG_WARN_OBJC_IMPLICIT_RETAIN_SELF = YES;
				CLANG_WARN_OBJC_LITERAL_CONVERSION = YES;
				CLANG_WARN_OBJC_ROOT_CLASS = YES_ERROR;
				CLANG_WARN_QUOTED_INCLUDE_IN_FRAMEWORK_HEADER = YES;
				CLANG_WARN_RANGE_LOOP_ANALYSIS = YES;
				CLANG_WARN_STRICT_PROTOTYPES = YES;
				CLANG_WARN_SUSPICIOUS_MOVE = YES;
				CLANG_WARN_UNGUARDED_AVAILABILITY = YES_AGGRESSIVE;
				CLANG_WARN_UNREACHABLE_CODE = YES;
				CLANG_WARN__DUPLICATE_METHOD_MATCH = YES;
				COPY_PHASE_STRIP = NO;
				DEBUG_INFORMATION_FORMAT = dwarf;
				ENABLE_STRICT_OBJC_MSGSEND = YES;
				ENABLE_TESTABILITY = YES;
				GCC_C_LANGUAGE_STANDARD = gnu11;
				GCC_DYNAMIC_NO_PIC = NO;
				GCC_NO_COMMON_BLOCKS = YES;
				GCC_OPTIMIZATION_LEVEL = 0;
				GCC_PREPROCESSOR_DEFINITIONS = (
					"DEBUG=1",
					"$(inherited)",
				);
				GCC_WARN_64_TO_32_BIT_CONVERSION = YES;
				GCC_WARN_ABOUT_RETURN_TYPE = YES_ERROR;
				GCC_WARN_UNDECLARED_SELECTOR = YES;
				GCC_WARN_UNINITIALIZED_AUTOS = YES_AGGRESSIVE;
				GCC_WARN_UNUSED_FUNCTION = YES;
				GCC_WARN_UNUSED_VARIABLE = YES;
				IPHONEOS_DEPLOYMENT_TARGET = 15.5;
				MTL_ENABLE_DEBUG_INFO = INCLUDE_SOURCE;
				MTL_FAST_MATH = YES;
				ONLY_ACTIVE_ARCH = YES;
				SDKROOT = iphoneos;
			};
			name = Debug;
		};
		6E88B937286A431D005BD485 /* Release */ = {
			isa = XCBuildConfiguration;
			buildSettings = {
				ALWAYS_SEARCH_USER_PATHS = NO;
				CLANG_ANALYZER_NONNULL = YES;
				CLANG_ANALYZER_NUMBER_OBJECT_CONVERSION = YES_AGGRESSIVE;
				CLANG_CXX_LANGUAGE_STANDARD = "gnu++17";
				CLANG_ENABLE_MODULES = YES;
				CLANG_ENABLE_OBJC_ARC = YES;
				CLANG_ENABLE_OBJC_WEAK = YES;
				CLANG_WARN_BLOCK_CAPTURE_AUTORELEASING = YES;
				CLANG_WARN_BOOL_CONVERSION = YES;
				CLANG_WARN_COMMA = YES;
				CLANG_WARN_CONSTANT_CONVERSION = YES;
				CLANG_WARN_DEPRECATED_OBJC_IMPLEMENTATIONS = YES;
				CLANG_WARN_DIRECT_OBJC_ISA_USAGE = YES_ERROR;
				CLANG_WARN_DOCUMENTATION_COMMENTS = YES;
				CLANG_WARN_EMPTY_BODY = YES;
				CLANG_WARN_ENUM_CONVERSION = YES;
				CLANG_WARN_INFINITE_RECURSION = YES;
				CLANG_WARN_INT_CONVERSION = YES;
				CLANG_WARN_NON_LITERAL_NULL_CONVERSION = YES;
				CLANG_WARN_OBJC_IMPLICIT_RETAIN_SELF = YES;
				CLANG_WARN_OBJC_LITERAL_CONVERSION = YES;
				CLANG_WARN_OBJC_ROOT_CLASS = YES_ERROR;
				CLANG_WARN_QUOTED_INCLUDE_IN_FRAMEWORK_HEADER = YES;
				CLANG_WARN_RANGE_LOOP_ANALYSIS = YES;
				CLANG_WARN_STRICT_PROTOTYPES = YES;
				CLANG_WARN_SUSPICIOUS_MOVE = YES;
				CLANG_WARN_UNGUARDED_AVAILABILITY = YES_AGGRESSIVE;
				CLANG_WARN_UNREACHABLE_CODE = YES;
				CLANG_WARN__DUPLICATE_METHOD_MATCH = YES;
				COPY_PHASE_STRIP = NO;
				DEBUG_INFORMATION_FORMAT = "dwarf-with-dsym";
				ENABLE_NS_ASSERTIONS = NO;
				ENABLE_STRICT_OBJC_MSGSEND = YES;
				GCC_C_LANGUAGE_STANDARD = gnu11;
				GCC_NO_COMMON_BLOCKS = YES;
				GCC_WARN_64_TO_32_BIT_CONVERSION = YES;
				GCC_WARN_ABOUT_RETURN_TYPE = YES_ERROR;
				GCC_WARN_UNDECLARED_SELECTOR = YES;
				GCC_WARN_UNINITIALIZED_AUTOS = YES_AGGRESSIVE;
				GCC_WARN_UNUSED_FUNCTION = YES;
				GCC_WARN_UNUSED_VARIABLE = YES;
				IPHONEOS_DEPLOYMENT_TARGET = 15.5;
				MTL_ENABLE_DEBUG_INFO = NO;
				MTL_FAST_MATH = YES;
				SDKROOT = iphoneos;
				VALIDATE_PRODUCT = YES;
			};
			name = Release;
		};
		6E88B939286A431D005BD485 /* Debug */ = {
			isa = XCBuildConfiguration;
			baseConfigurationReference = 7A38DA4AE23527AFCBBB88AE /* Pods-Instagram.debug.xcconfig */;
			buildSettings = {
				ASSETCATALOG_COMPILER_APPICON_NAME = AppIcon;
				ASSETCATALOG_COMPILER_GLOBAL_ACCENT_COLOR_NAME = AccentColor;
				CODE_SIGN_STYLE = Automatic;
				CURRENT_PROJECT_VERSION = 1;
				DEVELOPMENT_TEAM = BSPABJ65H3;
				GENERATE_INFOPLIST_FILE = YES;
				INFOPLIST_FILE = Instagram/Info.plist;
				INFOPLIST_KEY_NSCameraUsageDescription = "Need camera access to take pictures";
				INFOPLIST_KEY_NSPhotoLibraryUsageDescription = "Need library access to upload images";
				INFOPLIST_KEY_UIApplicationSupportsIndirectInputEvents = YES;
				INFOPLIST_KEY_UILaunchStoryboardName = LaunchScreen;
				INFOPLIST_KEY_UIMainStoryboardFile = Main;
				INFOPLIST_KEY_UISupportedInterfaceOrientations_iPad = "UIInterfaceOrientationPortrait UIInterfaceOrientationPortraitUpsideDown UIInterfaceOrientationLandscapeLeft UIInterfaceOrientationLandscapeRight";
				INFOPLIST_KEY_UISupportedInterfaceOrientations_iPhone = "UIInterfaceOrientationPortrait UIInterfaceOrientationLandscapeLeft UIInterfaceOrientationLandscapeRight";
				LD_RUNPATH_SEARCH_PATHS = (
					"$(inherited)",
					"@executable_path/Frameworks",
				);
				MARKETING_VERSION = 1.0;
				PRODUCT_BUNDLE_IDENTIFIER = com.codepath.SIInstagram;
				PRODUCT_NAME = "$(TARGET_NAME)";
				SWIFT_EMIT_LOC_STRINGS = YES;
				TARGETED_DEVICE_FAMILY = "1,2";
			};
			name = Debug;
		};
		6E88B93A286A431D005BD485 /* Release */ = {
			isa = XCBuildConfiguration;
			baseConfigurationReference = D3CE99AE741B970061CDD226 /* Pods-Instagram.release.xcconfig */;
			buildSettings = {
				ASSETCATALOG_COMPILER_APPICON_NAME = AppIcon;
				ASSETCATALOG_COMPILER_GLOBAL_ACCENT_COLOR_NAME = AccentColor;
				CODE_SIGN_STYLE = Automatic;
				CURRENT_PROJECT_VERSION = 1;
				DEVELOPMENT_TEAM = BSPABJ65H3;
				GENERATE_INFOPLIST_FILE = YES;
				INFOPLIST_FILE = Instagram/Info.plist;
				INFOPLIST_KEY_NSCameraUsageDescription = "Need camera access to take pictures";
				INFOPLIST_KEY_NSPhotoLibraryUsageDescription = "Need library access to upload images";
				INFOPLIST_KEY_UIApplicationSupportsIndirectInputEvents = YES;
				INFOPLIST_KEY_UILaunchStoryboardName = LaunchScreen;
				INFOPLIST_KEY_UIMainStoryboardFile = Main;
				INFOPLIST_KEY_UISupportedInterfaceOrientations_iPad = "UIInterfaceOrientationPortrait UIInterfaceOrientationPortraitUpsideDown UIInterfaceOrientationLandscapeLeft UIInterfaceOrientationLandscapeRight";
				INFOPLIST_KEY_UISupportedInterfaceOrientations_iPhone = "UIInterfaceOrientationPortrait UIInterfaceOrientationLandscapeLeft UIInterfaceOrientationLandscapeRight";
				LD_RUNPATH_SEARCH_PATHS = (
					"$(inherited)",
					"@executable_path/Frameworks",
				);
				MARKETING_VERSION = 1.0;
				PRODUCT_BUNDLE_IDENTIFIER = com.codepath.SIInstagram;
				PRODUCT_NAME = "$(TARGET_NAME)";
				SWIFT_EMIT_LOC_STRINGS = YES;
				TARGETED_DEVICE_FAMILY = "1,2";
			};
			name = Release;
		};
		6E88B93C286A431D005BD485 /* Debug */ = {
			isa = XCBuildConfiguration;
			baseConfigurationReference = 3CFB6BD577CF2976374E9540 /* Pods-InstagramTests.debug.xcconfig */;
			buildSettings = {
				BUNDLE_LOADER = "$(TEST_HOST)";
				CODE_SIGN_STYLE = Automatic;
				CURRENT_PROJECT_VERSION = 1;
				DEVELOPMENT_TEAM = BSPABJ65H3;
				GENERATE_INFOPLIST_FILE = YES;
				IPHONEOS_DEPLOYMENT_TARGET = 15.5;
				MARKETING_VERSION = 1.0;
				PRODUCT_BUNDLE_IDENTIFIER = com.codepath.InstagramTests;
				PRODUCT_NAME = "$(TARGET_NAME)";
				SWIFT_EMIT_LOC_STRINGS = NO;
				TARGETED_DEVICE_FAMILY = "1,2";
				TEST_HOST = "$(BUILT_PRODUCTS_DIR)/Instagram.app/Instagram";
			};
			name = Debug;
		};
		6E88B93D286A431D005BD485 /* Release */ = {
			isa = XCBuildConfiguration;
			baseConfigurationReference = 7A7A5D5A0036AA94D2542F35 /* Pods-InstagramTests.release.xcconfig */;
			buildSettings = {
				BUNDLE_LOADER = "$(TEST_HOST)";
				CODE_SIGN_STYLE = Automatic;
				CURRENT_PROJECT_VERSION = 1;
				DEVELOPMENT_TEAM = BSPABJ65H3;
				GENERATE_INFOPLIST_FILE = YES;
				IPHONEOS_DEPLOYMENT_TARGET = 15.5;
				MARKETING_VERSION = 1.0;
				PRODUCT_BUNDLE_IDENTIFIER = com.codepath.InstagramTests;
				PRODUCT_NAME = "$(TARGET_NAME)";
				SWIFT_EMIT_LOC_STRINGS = NO;
				TARGETED_DEVICE_FAMILY = "1,2";
				TEST_HOST = "$(BUILT_PRODUCTS_DIR)/Instagram.app/Instagram";
			};
			name = Release;
		};
		6E88B93F286A431D005BD485 /* Debug */ = {
			isa = XCBuildConfiguration;
			baseConfigurationReference = 8A3C155A87A9F38F77169832 /* Pods-Instagram-InstagramUITests.debug.xcconfig */;
			buildSettings = {
				CODE_SIGN_STYLE = Automatic;
				CURRENT_PROJECT_VERSION = 1;
				DEVELOPMENT_TEAM = BSPABJ65H3;
				GENERATE_INFOPLIST_FILE = YES;
				MARKETING_VERSION = 1.0;
				PRODUCT_BUNDLE_IDENTIFIER = com.codepath.InstagramUITests;
				PRODUCT_NAME = "$(TARGET_NAME)";
				SWIFT_EMIT_LOC_STRINGS = NO;
				TARGETED_DEVICE_FAMILY = "1,2";
				TEST_TARGET_NAME = Instagram;
			};
			name = Debug;
		};
		6E88B940286A431D005BD485 /* Release */ = {
			isa = XCBuildConfiguration;
			baseConfigurationReference = F310602BF3CD176C4EB87D82 /* Pods-Instagram-InstagramUITests.release.xcconfig */;
			buildSettings = {
				CODE_SIGN_STYLE = Automatic;
				CURRENT_PROJECT_VERSION = 1;
				DEVELOPMENT_TEAM = BSPABJ65H3;
				GENERATE_INFOPLIST_FILE = YES;
				MARKETING_VERSION = 1.0;
				PRODUCT_BUNDLE_IDENTIFIER = com.codepath.InstagramUITests;
				PRODUCT_NAME = "$(TARGET_NAME)";
				SWIFT_EMIT_LOC_STRINGS = NO;
				TARGETED_DEVICE_FAMILY = "1,2";
				TEST_TARGET_NAME = Instagram;
			};
			name = Release;
		};
/* End XCBuildConfiguration section */

/* Begin XCConfigurationList section */
		6E88B904286A431C005BD485 /* Build configuration list for PBXProject "Instagram" */ = {
			isa = XCConfigurationList;
			buildConfigurations = (
				6E88B936286A431D005BD485 /* Debug */,
				6E88B937286A431D005BD485 /* Release */,
			);
			defaultConfigurationIsVisible = 0;
			defaultConfigurationName = Release;
		};
		6E88B938286A431D005BD485 /* Build configuration list for PBXNativeTarget "Instagram" */ = {
			isa = XCConfigurationList;
			buildConfigurations = (
				6E88B939286A431D005BD485 /* Debug */,
				6E88B93A286A431D005BD485 /* Release */,
			);
			defaultConfigurationIsVisible = 0;
			defaultConfigurationName = Release;
		};
		6E88B93B286A431D005BD485 /* Build configuration list for PBXNativeTarget "InstagramTests" */ = {
			isa = XCConfigurationList;
			buildConfigurations = (
				6E88B93C286A431D005BD485 /* Debug */,
				6E88B93D286A431D005BD485 /* Release */,
			);
			defaultConfigurationIsVisible = 0;
			defaultConfigurationName = Release;
		};
		6E88B93E286A431D005BD485 /* Build configuration list for PBXNativeTarget "InstagramUITests" */ = {
			isa = XCConfigurationList;
			buildConfigurations = (
				6E88B93F286A431D005BD485 /* Debug */,
				6E88B940286A431D005BD485 /* Release */,
			);
			defaultConfigurationIsVisible = 0;
			defaultConfigurationName = Release;
		};
/* End XCConfigurationList section */
	};
	rootObject = 6E88B901286A431C005BD485 /* Project object */;
}
